
Microsoft Visual Studio Solution File, Format Version 12.00
# Visual Studio Version 17
VisualStudioVersion = 17.13.35931.197 d17.13
MinimumVisualStudioVersion = 10.0.40219.1
Project("{FAE04EC0-301F-11D3-BF4B-00C04F79EFBC}") = "filmek", "filmek\filmek.csproj", "{DA32E29F-C35D-4F4C-AEFE-006AC5E35742}"
EndProject
Global
	GlobalSection(SolutionConfigurationPlatforms) = preSolution
		Debug|Any CPU = Debug|Any CPU
		Release|Any CPU = Release|Any CPU
	EndGlobalSection
	GlobalSection(ProjectConfigurationPlatforms) = postSolution
		{DA32E29F-C35D-4F4C-AEFE-006AC5E35742}.Debug|Any CPU.ActiveCfg = Debug|Any CPU
		{DA32E29F-C35D-4F4C-AEFE-006AC5E35742}.Debug|Any CPU.Build.0 = Debug|Any CPU
		{DA32E29F-C35D-4F4C-AEFE-006AC5E35742}.Release|Any CPU.ActiveCfg = Release|Any CPU
		{DA32E29F-C35D-4F4C-AEFE-006AC5E35742}.Release|Any CPU.Build.0 = Release|Any CPU
	EndGlobalSection
	GlobalSection(SolutionProperties) = preSolution
		HideSolutionNode = FALSE
	EndGlobalSection
	GlobalSection(ExtensibilityGlobals) = postSolution
		SolutionGuid = {FCC81FAB-59DB-4B06-BC0B-620218FCA562}
	EndGlobalSection
EndGlobal
